
Microsoft Visual Studio Solution File, Format Version 12.00
# Visual Studio Version 17
VisualStudioVersion = 17.7.34003.232
MinimumVisualStudioVersion = 10.0.40219.1
Project("{9A19103F-16F7-4668-BE54-9A1E7A4F7556}") = "AudioApplicationPlayerAbstract", "AudioApplicationPlayerAbstract\AudioApplicationPlayerAbstract.csproj", "{F38D1807-4833-4766-A6E1-FDC27BACA8FE}"
EndProject
Project("{9A19103F-16F7-4668-BE54-9A1E7A4F7556}") = "GarmentFactoryMethodPattern", "GarmentFactoryMethodPattern\GarmentFactoryMethodPattern.csproj", "{F22062A4-534A-4E55-88A8-961F027052F0}"
EndProject
Project("{9A19103F-16F7-4668-BE54-9A1E7A4F7556}") = "VehiclePrototypePattern", "VehiclePrototypePattern\VehiclePrototypePattern.csproj", "{A15E6C15-D8DE-45C2-8C30-9AD30830D5D7}"
EndProject
Project("{9A19103F-16F7-4668-BE54-9A1E7A4F7556}") = "SingletonPattern", "SingletonPattern\SingletonPattern.csproj", "{8DA506FB-AF30-457C-86B1-F4C5380E3247}"
EndProject
Project("{9A19103F-16F7-4668-BE54-9A1E7A4F7556}") = "BuilderPattern", "BuilderPattern\BuilderPattern.csproj", "{357BA577-A124-4CC3-992F-C1A2F0A236FF}"
EndProject
Project("{2150E333-8FDC-42A3-9474-1A3956D46DE8}") = "SOLID Principles", "SOLID Principles", "{B4FB5EF4-400C-4B68-AC3B-5784CD1D1525}"
EndProject
Project("{2150E333-8FDC-42A3-9474-1A3956D46DE8}") = "Creational Patterns", "Creational Patterns", "{8CBD67AD-DE3E-4C16-803B-8BCD96F63324}"
EndProject
Project("{9A19103F-16F7-4668-BE54-9A1E7A4F7556}") = "DependencyInjectionPrinciple", "DependencyInjectionPrinciple\DependencyInjectionPrinciple.csproj", "{D9344386-751E-42AD-8028-F0675FF84B3E}"
EndProject
Project("{9A19103F-16F7-4668-BE54-9A1E7A4F7556}") = "InterfaceSeggregation", "InterfaceSeggregation\InterfaceSeggregation.csproj", "{1C1E7A8F-BDB2-4006-B46E-6C064C8B6A4D}"
EndProject
Project("{9A19103F-16F7-4668-BE54-9A1E7A4F7556}") = "LiskovPrinciple", "LiskovPrinciple\LiskovPrinciple.csproj", "{78F27548-0CCA-4721-A0E4-802D46F447EA}"
EndProject
Project("{9A19103F-16F7-4668-BE54-9A1E7A4F7556}") = "OpenClosePrinciple", "OpenClosePrinciple\OpenClosePrinciple.csproj", "{E979C9A2-B8C9-4C9B-A3E3-59B8F3B77966}"
EndProject
Project("{9A19103F-16F7-4668-BE54-9A1E7A4F7556}") = "SingleResponsibilityPrinciple", "SingleResponsibilityPrinciple\SingleResponsibilityPrinciple.csproj", "{674AC5D8-5237-45F0-80BD-1B751C6DA497}"
EndProject
Project("{2150E333-8FDC-42A3-9474-1A3956D46DE8}") = "Structural Patterns", "Structural Patterns", "{FD5B45E6-135B-43E3-B9C2-A057521B69E6}"
EndProject
Project("{9A19103F-16F7-4668-BE54-9A1E7A4F7556}") = "ProxyDesignPattern", "ProxyDesignPattern\ProxyDesignPattern.csproj", "{375EAD41-287D-43CC-A8D4-98F0965B8EFF}"
EndProject
Project("{9A19103F-16F7-4668-BE54-9A1E7A4F7556}") = "BridgeDesignPattern", "BridgeDesignPattern\BridgeDesignPattern.csproj", "{78A2D2E2-8B6F-4696-BA8E-7523347014B2}"
EndProject
Project("{9A19103F-16F7-4668-BE54-9A1E7A4F7556}") = "AdapterDesignPattern", "AdapterDesignPattern\AdapterDesignPattern.csproj", "{BA21AE60-AF5E-4DA0-956B-91DB02F0AF03}"
EndProject
Project("{FAE04EC0-301F-11D3-BF4B-00C04F79EFBC}") = "FacadeDesignPattern", "FacadeDesignPattern\FacadeDesignPattern.csproj", "{51790C96-2247-41A6-B77C-07D5E1B87A4E}"
EndProject
Project("{FAE04EC0-301F-11D3-BF4B-00C04F79EFBC}") = "DecoratorDesignPattern", "DecoratorDesignPattern\DecoratorDesignPattern.csproj", "{46C0647E-376F-43D1-9784-4678F37A5112}"
EndProject
Project("{FAE04EC0-301F-11D3-BF4B-00C04F79EFBC}") = "CompositeDesignPattern", "CompositeDesignPattern\CompositeDesignPattern.csproj", "{75671BEA-F38A-4DB7-B972-0079A6C5895B}"
EndProject
Project("{FAE04EC0-301F-11D3-BF4B-00C04F79EFBC}") = "FlyWeightDesignPattern", "FlyWeightDesignPattern\FlyWeightDesignPattern.csproj", "{46B7B8BD-EB6E-4DDE-9B40-D3C155DBA705}"
EndProject
Project("{2150E333-8FDC-42A3-9474-1A3956D46DE8}") = "Behavioral Patterns", "Behavioral Patterns", "{171A288F-952B-4FC6-AF37-AAD14960B6F9}"
EndProject
Project("{FAE04EC0-301F-11D3-BF4B-00C04F79EFBC}") = "ChainOfResponsibilityPattern", "ChainOfResponsibilityPattern\ChainOfResponsibilityPattern.csproj", "{F7E0F533-D67D-4EF8-9B05-8C2AFF006BCE}"
EndProject
Project("{FAE04EC0-301F-11D3-BF4B-00C04F79EFBC}") = "StateDesignPattern", "StateDesignPattern\StateDesignPattern.csproj", "{8E9F9A58-7774-4985-8463-F6028C95431F}"
EndProject
Project("{FAE04EC0-301F-11D3-BF4B-00C04F79EFBC}") = "TemplateDesignPattern", "TemplateDesignPattern\TemplateDesignPattern.csproj", "{5DFE1B27-45AC-4F6A-8C7B-7990DFB99872}"
EndProject
Project("{FAE04EC0-301F-11D3-BF4B-00C04F79EFBC}") = "CommandDesignPattern", "CommandDesignPattern\CommandDesignPattern.csproj", "{6B7442C6-6044-4F20-8B8F-6FD19464B337}"
EndProject
Project("{FAE04EC0-301F-11D3-BF4B-00C04F79EFBC}") = "ObserverDesignPattern", "ObserverDesignPattern\ObserverDesignPattern.csproj", "{25317577-EDE6-4D9E-BA84-ED93A7084C42}"
EndProject
Project("{FAE04EC0-301F-11D3-BF4B-00C04F79EFBC}") = "StrategyDesignPattern", "StrategyDesignPattern\StrategyDesignPattern.csproj", "{9FCBFA62-CC8B-4C4C-82FB-B8C042014E55}"
EndProject
Project("{FAE04EC0-301F-11D3-BF4B-00C04F79EFBC}") = "MementoDesignPattern", "MementoDesignPattern\MementoDesignPattern.csproj", "{62368AC0-1EF5-4914-A5EF-667D479F7645}"
EndProject
Project("{FAE04EC0-301F-11D3-BF4B-00C04F79EFBC}") = "MediatorDesignPattern", "MediatorDesignPattern\MediatorDesignPattern.csproj", "{5E44DC56-EB56-464E-8D71-B1275B410C24}"
EndProject
Project("{FAE04EC0-301F-11D3-BF4B-00C04F79EFBC}") = "IteratorDesignPattern", "IteratorDesignPattern\IteratorDesignPattern.csproj", "{47FAD2C6-FFCB-49EA-AD4E-14402A07F72C}"
EndProject
Global
	GlobalSection(SolutionConfigurationPlatforms) = preSolution
		Debug|Any CPU = Debug|Any CPU
		Release|Any CPU = Release|Any CPU
	EndGlobalSection
	GlobalSection(ProjectConfigurationPlatforms) = postSolution
		{F38D1807-4833-4766-A6E1-FDC27BACA8FE}.Debug|Any CPU.ActiveCfg = Debug|Any CPU
		{F38D1807-4833-4766-A6E1-FDC27BACA8FE}.Debug|Any CPU.Build.0 = Debug|Any CPU
		{F38D1807-4833-4766-A6E1-FDC27BACA8FE}.Release|Any CPU.ActiveCfg = Release|Any CPU
		{F38D1807-4833-4766-A6E1-FDC27BACA8FE}.Release|Any CPU.Build.0 = Release|Any CPU
		{F22062A4-534A-4E55-88A8-961F027052F0}.Debug|Any CPU.ActiveCfg = Debug|Any CPU
		{F22062A4-534A-4E55-88A8-961F027052F0}.Debug|Any CPU.Build.0 = Debug|Any CPU
		{F22062A4-534A-4E55-88A8-961F027052F0}.Release|Any CPU.ActiveCfg = Release|Any CPU
		{F22062A4-534A-4E55-88A8-961F027052F0}.Release|Any CPU.Build.0 = Release|Any CPU
		{A15E6C15-D8DE-45C2-8C30-9AD30830D5D7}.Debug|Any CPU.ActiveCfg = Debug|Any CPU
		{A15E6C15-D8DE-45C2-8C30-9AD30830D5D7}.Debug|Any CPU.Build.0 = Debug|Any CPU
		{A15E6C15-D8DE-45C2-8C30-9AD30830D5D7}.Release|Any CPU.ActiveCfg = Release|Any CPU
		{A15E6C15-D8DE-45C2-8C30-9AD30830D5D7}.Release|Any CPU.Build.0 = Release|Any CPU
		{8DA506FB-AF30-457C-86B1-F4C5380E3247}.Debug|Any CPU.ActiveCfg = Debug|Any CPU
		{8DA506FB-AF30-457C-86B1-F4C5380E3247}.Debug|Any CPU.Build.0 = Debug|Any CPU
		{8DA506FB-AF30-457C-86B1-F4C5380E3247}.Release|Any CPU.ActiveCfg = Release|Any CPU
		{8DA506FB-AF30-457C-86B1-F4C5380E3247}.Release|Any CPU.Build.0 = Release|Any CPU
		{357BA577-A124-4CC3-992F-C1A2F0A236FF}.Debug|Any CPU.ActiveCfg = Debug|Any CPU
		{357BA577-A124-4CC3-992F-C1A2F0A236FF}.Debug|Any CPU.Build.0 = Debug|Any CPU
		{357BA577-A124-4CC3-992F-C1A2F0A236FF}.Release|Any CPU.ActiveCfg = Release|Any CPU
		{357BA577-A124-4CC3-992F-C1A2F0A236FF}.Release|Any CPU.Build.0 = Release|Any CPU
		{D9344386-751E-42AD-8028-F0675FF84B3E}.Debug|Any CPU.ActiveCfg = Debug|Any CPU
		{D9344386-751E-42AD-8028-F0675FF84B3E}.Debug|Any CPU.Build.0 = Debug|Any CPU
		{D9344386-751E-42AD-8028-F0675FF84B3E}.Release|Any CPU.ActiveCfg = Release|Any CPU
		{D9344386-751E-42AD-8028-F0675FF84B3E}.Release|Any CPU.Build.0 = Release|Any CPU
		{1C1E7A8F-BDB2-4006-B46E-6C064C8B6A4D}.Debug|Any CPU.ActiveCfg = Debug|Any CPU
		{1C1E7A8F-BDB2-4006-B46E-6C064C8B6A4D}.Debug|Any CPU.Build.0 = Debug|Any CPU
		{1C1E7A8F-BDB2-4006-B46E-6C064C8B6A4D}.Release|Any CPU.ActiveCfg = Release|Any CPU
		{1C1E7A8F-BDB2-4006-B46E-6C064C8B6A4D}.Release|Any CPU.Build.0 = Release|Any CPU
		{78F27548-0CCA-4721-A0E4-802D46F447EA}.Debug|Any CPU.ActiveCfg = Debug|Any CPU
		{78F27548-0CCA-4721-A0E4-802D46F447EA}.Debug|Any CPU.Build.0 = Debug|Any CPU
		{78F27548-0CCA-4721-A0E4-802D46F447EA}.Release|Any CPU.ActiveCfg = Release|Any CPU
		{78F27548-0CCA-4721-A0E4-802D46F447EA}.Release|Any CPU.Build.0 = Release|Any CPU
		{E979C9A2-B8C9-4C9B-A3E3-59B8F3B77966}.Debug|Any CPU.ActiveCfg = Debug|Any CPU
		{E979C9A2-B8C9-4C9B-A3E3-59B8F3B77966}.Debug|Any CPU.Build.0 = Debug|Any CPU
		{E979C9A2-B8C9-4C9B-A3E3-59B8F3B77966}.Release|Any CPU.ActiveCfg = Release|Any CPU
		{E979C9A2-B8C9-4C9B-A3E3-59B8F3B77966}.Release|Any CPU.Build.0 = Release|Any CPU
		{674AC5D8-5237-45F0-80BD-1B751C6DA497}.Debug|Any CPU.ActiveCfg = Debug|Any CPU
		{674AC5D8-5237-45F0-80BD-1B751C6DA497}.Debug|Any CPU.Build.0 = Debug|Any CPU
		{674AC5D8-5237-45F0-80BD-1B751C6DA497}.Release|Any CPU.ActiveCfg = Release|Any CPU
		{674AC5D8-5237-45F0-80BD-1B751C6DA497}.Release|Any CPU.Build.0 = Release|Any CPU
		{375EAD41-287D-43CC-A8D4-98F0965B8EFF}.Debug|Any CPU.ActiveCfg = Debug|Any CPU
		{375EAD41-287D-43CC-A8D4-98F0965B8EFF}.Debug|Any CPU.Build.0 = Debug|Any CPU
		{375EAD41-287D-43CC-A8D4-98F0965B8EFF}.Release|Any CPU.ActiveCfg = Release|Any CPU
		{375EAD41-287D-43CC-A8D4-98F0965B8EFF}.Release|Any CPU.Build.0 = Release|Any CPU
		{78A2D2E2-8B6F-4696-BA8E-7523347014B2}.Debug|Any CPU.ActiveCfg = Debug|Any CPU
		{78A2D2E2-8B6F-4696-BA8E-7523347014B2}.Debug|Any CPU.Build.0 = Debug|Any CPU
		{78A2D2E2-8B6F-4696-BA8E-7523347014B2}.Release|Any CPU.ActiveCfg = Release|Any CPU
		{78A2D2E2-8B6F-4696-BA8E-7523347014B2}.Release|Any CPU.Build.0 = Release|Any CPU
		{BA21AE60-AF5E-4DA0-956B-91DB02F0AF03}.Debug|Any CPU.ActiveCfg = Debug|Any CPU
		{BA21AE60-AF5E-4DA0-956B-91DB02F0AF03}.Debug|Any CPU.Build.0 = Debug|Any CPU
		{BA21AE60-AF5E-4DA0-956B-91DB02F0AF03}.Release|Any CPU.ActiveCfg = Release|Any CPU
		{BA21AE60-AF5E-4DA0-956B-91DB02F0AF03}.Release|Any CPU.Build.0 = Release|Any CPU
		{51790C96-2247-41A6-B77C-07D5E1B87A4E}.Debug|Any CPU.ActiveCfg = Debug|Any CPU
		{51790C96-2247-41A6-B77C-07D5E1B87A4E}.Debug|Any CPU.Build.0 = Debug|Any CPU
		{51790C96-2247-41A6-B77C-07D5E1B87A4E}.Release|Any CPU.ActiveCfg = Release|Any CPU
		{51790C96-2247-41A6-B77C-07D5E1B87A4E}.Release|Any CPU.Build.0 = Release|Any CPU
		{46C0647E-376F-43D1-9784-4678F37A5112}.Debug|Any CPU.ActiveCfg = Debug|Any CPU
		{46C0647E-376F-43D1-9784-4678F37A5112}.Debug|Any CPU.Build.0 = Debug|Any CPU
		{46C0647E-376F-43D1-9784-4678F37A5112}.Release|Any CPU.ActiveCfg = Release|Any CPU
		{46C0647E-376F-43D1-9784-4678F37A5112}.Release|Any CPU.Build.0 = Release|Any CPU
		{75671BEA-F38A-4DB7-B972-0079A6C5895B}.Debug|Any CPU.ActiveCfg = Debug|Any CPU
		{75671BEA-F38A-4DB7-B972-0079A6C5895B}.Debug|Any CPU.Build.0 = Debug|Any CPU
		{75671BEA-F38A-4DB7-B972-0079A6C5895B}.Release|Any CPU.ActiveCfg = Release|Any CPU
		{75671BEA-F38A-4DB7-B972-0079A6C5895B}.Release|Any CPU.Build.0 = Release|Any CPU
		{46B7B8BD-EB6E-4DDE-9B40-D3C155DBA705}.Debug|Any CPU.ActiveCfg = Debug|Any CPU
		{46B7B8BD-EB6E-4DDE-9B40-D3C155DBA705}.Debug|Any CPU.Build.0 = Debug|Any CPU
		{46B7B8BD-EB6E-4DDE-9B40-D3C155DBA705}.Release|Any CPU.ActiveCfg = Release|Any CPU
		{46B7B8BD-EB6E-4DDE-9B40-D3C155DBA705}.Release|Any CPU.Build.0 = Release|Any CPU
		{F7E0F533-D67D-4EF8-9B05-8C2AFF006BCE}.Debug|Any CPU.ActiveCfg = Debug|Any CPU
		{F7E0F533-D67D-4EF8-9B05-8C2AFF006BCE}.Debug|Any CPU.Build.0 = Debug|Any CPU
		{F7E0F533-D67D-4EF8-9B05-8C2AFF006BCE}.Release|Any CPU.ActiveCfg = Release|Any CPU
		{F7E0F533-D67D-4EF8-9B05-8C2AFF006BCE}.Release|Any CPU.Build.0 = Release|Any CPU
		{8E9F9A58-7774-4985-8463-F6028C95431F}.Debug|Any CPU.ActiveCfg = Debug|Any CPU
		{8E9F9A58-7774-4985-8463-F6028C95431F}.Debug|Any CPU.Build.0 = Debug|Any CPU
		{8E9F9A58-7774-4985-8463-F6028C95431F}.Release|Any CPU.ActiveCfg = Release|Any CPU
		{8E9F9A58-7774-4985-8463-F6028C95431F}.Release|Any CPU.Build.0 = Release|Any CPU
		{5DFE1B27-45AC-4F6A-8C7B-7990DFB99872}.Debug|Any CPU.ActiveCfg = Debug|Any CPU
		{5DFE1B27-45AC-4F6A-8C7B-7990DFB99872}.Debug|Any CPU.Build.0 = Debug|Any CPU
		{5DFE1B27-45AC-4F6A-8C7B-7990DFB99872}.Release|Any CPU.ActiveCfg = Release|Any CPU
		{5DFE1B27-45AC-4F6A-8C7B-7990DFB99872}.Release|Any CPU.Build.0 = Release|Any CPU
		{6B7442C6-6044-4F20-8B8F-6FD19464B337}.Debug|Any CPU.ActiveCfg = Debug|Any CPU
		{6B7442C6-6044-4F20-8B8F-6FD19464B337}.Debug|Any CPU.Build.0 = Debug|Any CPU
		{6B7442C6-6044-4F20-8B8F-6FD19464B337}.Release|Any CPU.ActiveCfg = Release|Any CPU
		{6B7442C6-6044-4F20-8B8F-6FD19464B337}.Release|Any CPU.Build.0 = Release|Any CPU
		{25317577-EDE6-4D9E-BA84-ED93A7084C42}.Debug|Any CPU.ActiveCfg = Debug|Any CPU
		{25317577-EDE6-4D9E-BA84-ED93A7084C42}.Debug|Any CPU.Build.0 = Debug|Any CPU
		{25317577-EDE6-4D9E-BA84-ED93A7084C42}.Release|Any CPU.ActiveCfg = Release|Any CPU
		{25317577-EDE6-4D9E-BA84-ED93A7084C42}.Release|Any CPU.Build.0 = Release|Any CPU
		{9FCBFA62-CC8B-4C4C-82FB-B8C042014E55}.Debug|Any CPU.ActiveCfg = Debug|Any CPU
		{9FCBFA62-CC8B-4C4C-82FB-B8C042014E55}.Debug|Any CPU.Build.0 = Debug|Any CPU
		{9FCBFA62-CC8B-4C4C-82FB-B8C042014E55}.Release|Any CPU.ActiveCfg = Release|Any CPU
		{9FCBFA62-CC8B-4C4C-82FB-B8C042014E55}.Release|Any CPU.Build.0 = Release|Any CPU
		{62368AC0-1EF5-4914-A5EF-667D479F7645}.Debug|Any CPU.ActiveCfg = Debug|Any CPU
		{62368AC0-1EF5-4914-A5EF-667D479F7645}.Debug|Any CPU.Build.0 = Debug|Any CPU
		{62368AC0-1EF5-4914-A5EF-667D479F7645}.Release|Any CPU.ActiveCfg = Release|Any CPU
		{62368AC0-1EF5-4914-A5EF-667D479F7645}.Release|Any CPU.Build.0 = Release|Any CPU
		{5E44DC56-EB56-464E-8D71-B1275B410C24}.Debug|Any CPU.ActiveCfg = Debug|Any CPU
		{5E44DC56-EB56-464E-8D71-B1275B410C24}.Debug|Any CPU.Build.0 = Debug|Any CPU
		{5E44DC56-EB56-464E-8D71-B1275B410C24}.Release|Any CPU.ActiveCfg = Release|Any CPU
		{5E44DC56-EB56-464E-8D71-B1275B410C24}.Release|Any CPU.Build.0 = Release|Any CPU
		{47FAD2C6-FFCB-49EA-AD4E-14402A07F72C}.Debug|Any CPU.ActiveCfg = Debug|Any CPU
		{47FAD2C6-FFCB-49EA-AD4E-14402A07F72C}.Debug|Any CPU.Build.0 = Debug|Any CPU
		{47FAD2C6-FFCB-49EA-AD4E-14402A07F72C}.Release|Any CPU.ActiveCfg = Release|Any CPU
		{47FAD2C6-FFCB-49EA-AD4E-14402A07F72C}.Release|Any CPU.Build.0 = Release|Any CPU
	EndGlobalSection
	GlobalSection(SolutionProperties) = preSolution
		HideSolutionNode = FALSE
	EndGlobalSection
	GlobalSection(NestedProjects) = preSolution
		{F38D1807-4833-4766-A6E1-FDC27BACA8FE} = {8CBD67AD-DE3E-4C16-803B-8BCD96F63324}
		{F22062A4-534A-4E55-88A8-961F027052F0} = {8CBD67AD-DE3E-4C16-803B-8BCD96F63324}
		{A15E6C15-D8DE-45C2-8C30-9AD30830D5D7} = {8CBD67AD-DE3E-4C16-803B-8BCD96F63324}
		{8DA506FB-AF30-457C-86B1-F4C5380E3247} = {8CBD67AD-DE3E-4C16-803B-8BCD96F63324}
		{357BA577-A124-4CC3-992F-C1A2F0A236FF} = {8CBD67AD-DE3E-4C16-803B-8BCD96F63324}
		{D9344386-751E-42AD-8028-F0675FF84B3E} = {B4FB5EF4-400C-4B68-AC3B-5784CD1D1525}
		{1C1E7A8F-BDB2-4006-B46E-6C064C8B6A4D} = {B4FB5EF4-400C-4B68-AC3B-5784CD1D1525}
		{78F27548-0CCA-4721-A0E4-802D46F447EA} = {B4FB5EF4-400C-4B68-AC3B-5784CD1D1525}
		{E979C9A2-B8C9-4C9B-A3E3-59B8F3B77966} = {B4FB5EF4-400C-4B68-AC3B-5784CD1D1525}
		{674AC5D8-5237-45F0-80BD-1B751C6DA497} = {B4FB5EF4-400C-4B68-AC3B-5784CD1D1525}
		{375EAD41-287D-43CC-A8D4-98F0965B8EFF} = {FD5B45E6-135B-43E3-B9C2-A057521B69E6}
		{78A2D2E2-8B6F-4696-BA8E-7523347014B2} = {FD5B45E6-135B-43E3-B9C2-A057521B69E6}
		{BA21AE60-AF5E-4DA0-956B-91DB02F0AF03} = {FD5B45E6-135B-43E3-B9C2-A057521B69E6}
		{51790C96-2247-41A6-B77C-07D5E1B87A4E} = {FD5B45E6-135B-43E3-B9C2-A057521B69E6}
		{46C0647E-376F-43D1-9784-4678F37A5112} = {FD5B45E6-135B-43E3-B9C2-A057521B69E6}
		{75671BEA-F38A-4DB7-B972-0079A6C5895B} = {FD5B45E6-135B-43E3-B9C2-A057521B69E6}
		{46B7B8BD-EB6E-4DDE-9B40-D3C155DBA705} = {FD5B45E6-135B-43E3-B9C2-A057521B69E6}
		{F7E0F533-D67D-4EF8-9B05-8C2AFF006BCE} = {171A288F-952B-4FC6-AF37-AAD14960B6F9}
		{8E9F9A58-7774-4985-8463-F6028C95431F} = {171A288F-952B-4FC6-AF37-AAD14960B6F9}
		{5DFE1B27-45AC-4F6A-8C7B-7990DFB99872} = {171A288F-952B-4FC6-AF37-AAD14960B6F9}
		{6B7442C6-6044-4F20-8B8F-6FD19464B337} = {171A288F-952B-4FC6-AF37-AAD14960B6F9}
		{25317577-EDE6-4D9E-BA84-ED93A7084C42} = {171A288F-952B-4FC6-AF37-AAD14960B6F9}
		{9FCBFA62-CC8B-4C4C-82FB-B8C042014E55} = {171A288F-952B-4FC6-AF37-AAD14960B6F9}
		{62368AC0-1EF5-4914-A5EF-667D479F7645} = {171A288F-952B-4FC6-AF37-AAD14960B6F9}
		{5E44DC56-EB56-464E-8D71-B1275B410C24} = {171A288F-952B-4FC6-AF37-AAD14960B6F9}
		{47FAD2C6-FFCB-49EA-AD4E-14402A07F72C} = {171A288F-952B-4FC6-AF37-AAD14960B6F9}
	EndGlobalSection
	GlobalSection(ExtensibilityGlobals) = postSolution
		SolutionGuid = {D5BA9778-0D43-4C82-BD07-91AC6B9BA44B}
	EndGlobalSection
EndGlobal
